
Microsoft Visual Studio Solution File, Format Version 12.00
# Visual Studio 15
VisualStudioVersion = 15.0.26430.4
MinimumVisualStudioVersion = 10.0.40219.1
Project("{8BC9CEB8-8B4A-11D0-8D11-00A0C91BC942}") = "Date", "Date\Date.vcxproj", "{923D0394-53D5-48ED-AA0A-9210D1DF01C3}"
EndProject
Project("{8BC9CEB8-8B4A-11D0-8D11-00A0C91BC942}") = "Histogram", "Histogram\Histogram.vcxproj", "{7E65553D-CAFF-4BAE-82C3-D1262C5BF4BA}"
EndProject
Project("{8BC9CEB8-8B4A-11D0-8D11-00A0C91BC942}") = "Box", "Box\Box.vcxproj", "{789C578D-A7C0-412F-B088-A6C002624426}"
EndProject
Project("{8BC9CEB8-8B4A-11D0-8D11-00A0C91BC942}") = "Random", "Random\Random.vcxproj", "{EA270180-2D01-45FE-9F49-90D837BF3927}"
EndProject
Project("{8BC9CEB8-8B4A-11D0-8D11-00A0C91BC942}") = "Gambling", "Gambling\Gambling.vcxproj", "{6803A9F3-483F-4AB6-9B82-DFD0DC9D2F37}"
EndProject
Project("{8BC9CEB8-8B4A-11D0-8D11-00A0C91BC942}") = "StringRotate", "StringRotate\StringRotate.vcxproj", "{8BD85D0C-3D45-4B12-8DC6-89F66D890C66}"
EndProject
Project("{8BC9CEB8-8B4A-11D0-8D11-00A0C91BC942}") = "MaxNumber", "MaxNumber\MaxNumber.vcxproj", "{766CD678-BACC-461C-8487-4826056084F1}"
EndProject
Project("{8BC9CEB8-8B4A-11D0-8D11-00A0C91BC942}") = "PersonManager", "PersonManager\PersonManager.vcxproj", "{9D1BAE1A-6DB9-4D0A-95D0-5CD531DB341F}"
EndProject
Project("{8BC9CEB8-8B4A-11D0-8D11-00A0C91BC942}") = "MyIntStack", "MyIntStack\MyIntStack.vcxproj", "{2AD189C1-4D8D-48A7-ABFF-DB4A1E45D0BD}"
EndProject
Project("{8BC9CEB8-8B4A-11D0-8D11-00A0C91BC942}") = "shallowCopy", "shallowCopy\shallowCopy.vcxproj", "{C5098235-86D8-4AA7-9BA3-62934F194123}"
EndProject
Project("{8BC9CEB8-8B4A-11D0-8D11-00A0C91BC942}") = "Book", "Book\Book.vcxproj", "{76A0313A-9CCF-424C-BA25-C7AEC327D289}"
EndProject
Project("{8BC9CEB8-8B4A-11D0-8D11-00A0C91BC942}") = "DefaultParameter", "DefaultParameter\DefaultParameter.vcxproj", "{BBAAFFAC-232A-48D7-81EB-16BABD316ED8}"
EndProject
Project("{8BC9CEB8-8B4A-11D0-8D11-00A0C91BC942}") = "Big", "Big\Big.vcxproj", "{53D6E15F-9FEC-410F-9E35-E2781068F94E}"
EndProject
Project("{8BC9CEB8-8B4A-11D0-8D11-00A0C91BC942}") = "Static", "Static\Static.vcxproj", "{E5BEEEBF-8332-41AA-9EFC-2D185AD001B0}"
EndProject
Project("{8BC9CEB8-8B4A-11D0-8D11-00A0C91BC942}") = "static_circle", "static_circle\static_circle.vcxproj", "{2278C12B-A935-4B5B-916C-AF89BB1CC9B4}"
EndProject
Project("{8BC9CEB8-8B4A-11D0-8D11-00A0C91BC942}") = "Operator_power", "Operator_power\Operator_power.vcxproj", "{4817A057-6F0A-4508-9858-DDC967DA6E31}"
EndProject
Project("{8BC9CEB8-8B4A-11D0-8D11-00A0C91BC942}") = "operator_complex", "operator_complex\operator_complex.vcxproj", "{BA839A5C-B8C4-4696-A253-7226BA3299BA}"
EndProject
Project("{8BC9CEB8-8B4A-11D0-8D11-00A0C91BC942}") = "operator_circle", "operator_circle\operator_circle.vcxproj", "{8579370E-95DD-46C1-8C00-66F41D2CB1BD}"
EndProject
Project("{8BC9CEB8-8B4A-11D0-8D11-00A0C91BC942}") = "operator_statistics", "operator_statistics\operator_statistics.vcxproj", "{2C2A2725-BB03-44E5-B2F3-022101B3D452}"
EndProject
Project("{8BC9CEB8-8B4A-11D0-8D11-00A0C91BC942}") = "operator_complex_2", "operator_complex_2\operator_complex_2.vcxproj", "{67F23377-44AC-4740-BA5D-A37DDB4E5E25}"
EndProject
Project("{8BC9CEB8-8B4A-11D0-8D11-00A0C91BC942}") = "inheritance_color", "inheritance\inheritance.vcxproj", "{614EF744-90B7-4665-9BAF-D4A34D306C71}"
EndProject
Project("{8BC9CEB8-8B4A-11D0-8D11-00A0C91BC942}") = "inheritance_tv", "inheritance_tv\inheritance_tv.vcxproj", "{0F0B33FE-1437-4B34-AA2C-EAF5C945640C}"
EndProject
Project("{8BC9CEB8-8B4A-11D0-8D11-00A0C91BC942}") = "myQueue", "myQueue\myQueue.vcxproj", "{89465E99-35AA-4F99-A25D-18ED4516CEE7}"
EndProject
Project("{8BC9CEB8-8B4A-11D0-8D11-00A0C91BC942}") = "myStack", "myStack\myStack.vcxproj", "{DF5F8058-F5F1-45FA-A0AB-C5DAF8765D32}"
EndProject
Global
	GlobalSection(SolutionConfigurationPlatforms) = preSolution
		Debug|x64 = Debug|x64
		Debug|x86 = Debug|x86
		Release|x64 = Release|x64
		Release|x86 = Release|x86
	EndGlobalSection
	GlobalSection(ProjectConfigurationPlatforms) = postSolution
		{923D0394-53D5-48ED-AA0A-9210D1DF01C3}.Debug|x64.ActiveCfg = Debug|x64
		{923D0394-53D5-48ED-AA0A-9210D1DF01C3}.Debug|x64.Build.0 = Debug|x64
		{923D0394-53D5-48ED-AA0A-9210D1DF01C3}.Debug|x86.ActiveCfg = Debug|Win32
		{923D0394-53D5-48ED-AA0A-9210D1DF01C3}.Debug|x86.Build.0 = Debug|Win32
		{923D0394-53D5-48ED-AA0A-9210D1DF01C3}.Release|x64.ActiveCfg = Release|x64
		{923D0394-53D5-48ED-AA0A-9210D1DF01C3}.Release|x64.Build.0 = Release|x64
		{923D0394-53D5-48ED-AA0A-9210D1DF01C3}.Release|x86.ActiveCfg = Release|Win32
		{923D0394-53D5-48ED-AA0A-9210D1DF01C3}.Release|x86.Build.0 = Release|Win32
		{7E65553D-CAFF-4BAE-82C3-D1262C5BF4BA}.Debug|x64.ActiveCfg = Debug|x64
		{7E65553D-CAFF-4BAE-82C3-D1262C5BF4BA}.Debug|x64.Build.0 = Debug|x64
		{7E65553D-CAFF-4BAE-82C3-D1262C5BF4BA}.Debug|x86.ActiveCfg = Debug|Win32
		{7E65553D-CAFF-4BAE-82C3-D1262C5BF4BA}.Debug|x86.Build.0 = Debug|Win32
		{7E65553D-CAFF-4BAE-82C3-D1262C5BF4BA}.Release|x64.ActiveCfg = Release|x64
		{7E65553D-CAFF-4BAE-82C3-D1262C5BF4BA}.Release|x64.Build.0 = Release|x64
		{7E65553D-CAFF-4BAE-82C3-D1262C5BF4BA}.Release|x86.ActiveCfg = Release|Win32
		{7E65553D-CAFF-4BAE-82C3-D1262C5BF4BA}.Release|x86.Build.0 = Release|Win32
		{789C578D-A7C0-412F-B088-A6C002624426}.Debug|x64.ActiveCfg = Debug|x64
		{789C578D-A7C0-412F-B088-A6C002624426}.Debug|x64.Build.0 = Debug|x64
		{789C578D-A7C0-412F-B088-A6C002624426}.Debug|x86.ActiveCfg = Debug|Win32
		{789C578D-A7C0-412F-B088-A6C002624426}.Debug|x86.Build.0 = Debug|Win32
		{789C578D-A7C0-412F-B088-A6C002624426}.Release|x64.ActiveCfg = Release|x64
		{789C578D-A7C0-412F-B088-A6C002624426}.Release|x64.Build.0 = Release|x64
		{789C578D-A7C0-412F-B088-A6C002624426}.Release|x86.ActiveCfg = Release|Win32
		{789C578D-A7C0-412F-B088-A6C002624426}.Release|x86.Build.0 = Release|Win32
		{EA270180-2D01-45FE-9F49-90D837BF3927}.Debug|x64.ActiveCfg = Debug|x64
		{EA270180-2D01-45FE-9F49-90D837BF3927}.Debug|x64.Build.0 = Debug|x64
		{EA270180-2D01-45FE-9F49-90D837BF3927}.Debug|x86.ActiveCfg = Debug|Win32
		{EA270180-2D01-45FE-9F49-90D837BF3927}.Debug|x86.Build.0 = Debug|Win32
		{EA270180-2D01-45FE-9F49-90D837BF3927}.Release|x64.ActiveCfg = Release|x64
		{EA270180-2D01-45FE-9F49-90D837BF3927}.Release|x64.Build.0 = Release|x64
		{EA270180-2D01-45FE-9F49-90D837BF3927}.Release|x86.ActiveCfg = Release|Win32
		{EA270180-2D01-45FE-9F49-90D837BF3927}.Release|x86.Build.0 = Release|Win32
		{6803A9F3-483F-4AB6-9B82-DFD0DC9D2F37}.Debug|x64.ActiveCfg = Debug|x64
		{6803A9F3-483F-4AB6-9B82-DFD0DC9D2F37}.Debug|x64.Build.0 = Debug|x64
		{6803A9F3-483F-4AB6-9B82-DFD0DC9D2F37}.Debug|x86.ActiveCfg = Debug|Win32
		{6803A9F3-483F-4AB6-9B82-DFD0DC9D2F37}.Debug|x86.Build.0 = Debug|Win32
		{6803A9F3-483F-4AB6-9B82-DFD0DC9D2F37}.Release|x64.ActiveCfg = Release|x64
		{6803A9F3-483F-4AB6-9B82-DFD0DC9D2F37}.Release|x64.Build.0 = Release|x64
		{6803A9F3-483F-4AB6-9B82-DFD0DC9D2F37}.Release|x86.ActiveCfg = Release|Win32
		{6803A9F3-483F-4AB6-9B82-DFD0DC9D2F37}.Release|x86.Build.0 = Release|Win32
		{8BD85D0C-3D45-4B12-8DC6-89F66D890C66}.Debug|x64.ActiveCfg = Debug|x64
		{8BD85D0C-3D45-4B12-8DC6-89F66D890C66}.Debug|x64.Build.0 = Debug|x64
		{8BD85D0C-3D45-4B12-8DC6-89F66D890C66}.Debug|x86.ActiveCfg = Debug|Win32
		{8BD85D0C-3D45-4B12-8DC6-89F66D890C66}.Debug|x86.Build.0 = Debug|Win32
		{8BD85D0C-3D45-4B12-8DC6-89F66D890C66}.Release|x64.ActiveCfg = Release|x64
		{8BD85D0C-3D45-4B12-8DC6-89F66D890C66}.Release|x64.Build.0 = Release|x64
		{8BD85D0C-3D45-4B12-8DC6-89F66D890C66}.Release|x86.ActiveCfg = Release|Win32
		{8BD85D0C-3D45-4B12-8DC6-89F66D890C66}.Release|x86.Build.0 = Release|Win32
		{766CD678-BACC-461C-8487-4826056084F1}.Debug|x64.ActiveCfg = Debug|x64
		{766CD678-BACC-461C-8487-4826056084F1}.Debug|x64.Build.0 = Debug|x64
		{766CD678-BACC-461C-8487-4826056084F1}.Debug|x86.ActiveCfg = Debug|Win32
		{766CD678-BACC-461C-8487-4826056084F1}.Debug|x86.Build.0 = Debug|Win32
		{766CD678-BACC-461C-8487-4826056084F1}.Release|x64.ActiveCfg = Release|x64
		{766CD678-BACC-461C-8487-4826056084F1}.Release|x64.Build.0 = Release|x64
		{766CD678-BACC-461C-8487-4826056084F1}.Release|x86.ActiveCfg = Release|Win32
		{766CD678-BACC-461C-8487-4826056084F1}.Release|x86.Build.0 = Release|Win32
		{9D1BAE1A-6DB9-4D0A-95D0-5CD531DB341F}.Debug|x64.ActiveCfg = Debug|x64
		{9D1BAE1A-6DB9-4D0A-95D0-5CD531DB341F}.Debug|x64.Build.0 = Debug|x64
		{9D1BAE1A-6DB9-4D0A-95D0-5CD531DB341F}.Debug|x86.ActiveCfg = Debug|Win32
		{9D1BAE1A-6DB9-4D0A-95D0-5CD531DB341F}.Debug|x86.Build.0 = Debug|Win32
		{9D1BAE1A-6DB9-4D0A-95D0-5CD531DB341F}.Release|x64.ActiveCfg = Release|x64
		{9D1BAE1A-6DB9-4D0A-95D0-5CD531DB341F}.Release|x64.Build.0 = Release|x64
		{9D1BAE1A-6DB9-4D0A-95D0-5CD531DB341F}.Release|x86.ActiveCfg = Release|Win32
		{9D1BAE1A-6DB9-4D0A-95D0-5CD531DB341F}.Release|x86.Build.0 = Release|Win32
		{2AD189C1-4D8D-48A7-ABFF-DB4A1E45D0BD}.Debug|x64.ActiveCfg = Debug|x64
		{2AD189C1-4D8D-48A7-ABFF-DB4A1E45D0BD}.Debug|x64.Build.0 = Debug|x64
		{2AD189C1-4D8D-48A7-ABFF-DB4A1E45D0BD}.Debug|x86.ActiveCfg = Debug|Win32
		{2AD189C1-4D8D-48A7-ABFF-DB4A1E45D0BD}.Debug|x86.Build.0 = Debug|Win32
		{2AD189C1-4D8D-48A7-ABFF-DB4A1E45D0BD}.Release|x64.ActiveCfg = Release|x64
		{2AD189C1-4D8D-48A7-ABFF-DB4A1E45D0BD}.Release|x64.Build.0 = Release|x64
		{2AD189C1-4D8D-48A7-ABFF-DB4A1E45D0BD}.Release|x86.ActiveCfg = Release|Win32
		{2AD189C1-4D8D-48A7-ABFF-DB4A1E45D0BD}.Release|x86.Build.0 = Release|Win32
		{C5098235-86D8-4AA7-9BA3-62934F194123}.Debug|x64.ActiveCfg = Debug|x64
		{C5098235-86D8-4AA7-9BA3-62934F194123}.Debug|x64.Build.0 = Debug|x64
		{C5098235-86D8-4AA7-9BA3-62934F194123}.Debug|x86.ActiveCfg = Debug|Win32
		{C5098235-86D8-4AA7-9BA3-62934F194123}.Debug|x86.Build.0 = Debug|Win32
		{C5098235-86D8-4AA7-9BA3-62934F194123}.Release|x64.ActiveCfg = Release|x64
		{C5098235-86D8-4AA7-9BA3-62934F194123}.Release|x64.Build.0 = Release|x64
		{C5098235-86D8-4AA7-9BA3-62934F194123}.Release|x86.ActiveCfg = Release|Win32
		{C5098235-86D8-4AA7-9BA3-62934F194123}.Release|x86.Build.0 = Release|Win32
		{76A0313A-9CCF-424C-BA25-C7AEC327D289}.Debug|x64.ActiveCfg = Debug|x64
		{76A0313A-9CCF-424C-BA25-C7AEC327D289}.Debug|x64.Build.0 = Debug|x64
		{76A0313A-9CCF-424C-BA25-C7AEC327D289}.Debug|x86.ActiveCfg = Debug|Win32
		{76A0313A-9CCF-424C-BA25-C7AEC327D289}.Debug|x86.Build.0 = Debug|Win32
		{76A0313A-9CCF-424C-BA25-C7AEC327D289}.Release|x64.ActiveCfg = Release|x64
		{76A0313A-9CCF-424C-BA25-C7AEC327D289}.Release|x64.Build.0 = Release|x64
		{76A0313A-9CCF-424C-BA25-C7AEC327D289}.Release|x86.ActiveCfg = Release|Win32
		{76A0313A-9CCF-424C-BA25-C7AEC327D289}.Release|x86.Build.0 = Release|Win32
		{BBAAFFAC-232A-48D7-81EB-16BABD316ED8}.Debug|x64.ActiveCfg = Debug|x64
		{BBAAFFAC-232A-48D7-81EB-16BABD316ED8}.Debug|x64.Build.0 = Debug|x64
		{BBAAFFAC-232A-48D7-81EB-16BABD316ED8}.Debug|x86.ActiveCfg = Debug|Win32
		{BBAAFFAC-232A-48D7-81EB-16BABD316ED8}.Debug|x86.Build.0 = Debug|Win32
		{BBAAFFAC-232A-48D7-81EB-16BABD316ED8}.Release|x64.ActiveCfg = Release|x64
		{BBAAFFAC-232A-48D7-81EB-16BABD316ED8}.Release|x64.Build.0 = Release|x64
		{BBAAFFAC-232A-48D7-81EB-16BABD316ED8}.Release|x86.ActiveCfg = Release|Win32
		{BBAAFFAC-232A-48D7-81EB-16BABD316ED8}.Release|x86.Build.0 = Release|Win32
		{53D6E15F-9FEC-410F-9E35-E2781068F94E}.Debug|x64.ActiveCfg = Debug|x64
		{53D6E15F-9FEC-410F-9E35-E2781068F94E}.Debug|x64.Build.0 = Debug|x64
		{53D6E15F-9FEC-410F-9E35-E2781068F94E}.Debug|x86.ActiveCfg = Debug|Win32
		{53D6E15F-9FEC-410F-9E35-E2781068F94E}.Debug|x86.Build.0 = Debug|Win32
		{53D6E15F-9FEC-410F-9E35-E2781068F94E}.Release|x64.ActiveCfg = Release|x64
		{53D6E15F-9FEC-410F-9E35-E2781068F94E}.Release|x64.Build.0 = Release|x64
		{53D6E15F-9FEC-410F-9E35-E2781068F94E}.Release|x86.ActiveCfg = Release|Win32
		{53D6E15F-9FEC-410F-9E35-E2781068F94E}.Release|x86.Build.0 = Release|Win32
		{E5BEEEBF-8332-41AA-9EFC-2D185AD001B0}.Debug|x64.ActiveCfg = Debug|x64
		{E5BEEEBF-8332-41AA-9EFC-2D185AD001B0}.Debug|x64.Build.0 = Debug|x64
		{E5BEEEBF-8332-41AA-9EFC-2D185AD001B0}.Debug|x86.ActiveCfg = Debug|Win32
		{E5BEEEBF-8332-41AA-9EFC-2D185AD001B0}.Debug|x86.Build.0 = Debug|Win32
		{E5BEEEBF-8332-41AA-9EFC-2D185AD001B0}.Release|x64.ActiveCfg = Release|x64
		{E5BEEEBF-8332-41AA-9EFC-2D185AD001B0}.Release|x64.Build.0 = Release|x64
		{E5BEEEBF-8332-41AA-9EFC-2D185AD001B0}.Release|x86.ActiveCfg = Release|Win32
		{E5BEEEBF-8332-41AA-9EFC-2D185AD001B0}.Release|x86.Build.0 = Release|Win32
		{2278C12B-A935-4B5B-916C-AF89BB1CC9B4}.Debug|x64.ActiveCfg = Debug|x64
		{2278C12B-A935-4B5B-916C-AF89BB1CC9B4}.Debug|x64.Build.0 = Debug|x64
		{2278C12B-A935-4B5B-916C-AF89BB1CC9B4}.Debug|x86.ActiveCfg = Debug|Win32
		{2278C12B-A935-4B5B-916C-AF89BB1CC9B4}.Debug|x86.Build.0 = Debug|Win32
		{2278C12B-A935-4B5B-916C-AF89BB1CC9B4}.Release|x64.ActiveCfg = Release|x64
		{2278C12B-A935-4B5B-916C-AF89BB1CC9B4}.Release|x64.Build.0 = Release|x64
		{2278C12B-A935-4B5B-916C-AF89BB1CC9B4}.Release|x86.ActiveCfg = Release|Win32
		{2278C12B-A935-4B5B-916C-AF89BB1CC9B4}.Release|x86.Build.0 = Release|Win32
		{4817A057-6F0A-4508-9858-DDC967DA6E31}.Debug|x64.ActiveCfg = Debug|x64
		{4817A057-6F0A-4508-9858-DDC967DA6E31}.Debug|x64.Build.0 = Debug|x64
		{4817A057-6F0A-4508-9858-DDC967DA6E31}.Debug|x86.ActiveCfg = Debug|Win32
		{4817A057-6F0A-4508-9858-DDC967DA6E31}.Debug|x86.Build.0 = Debug|Win32
		{4817A057-6F0A-4508-9858-DDC967DA6E31}.Release|x64.ActiveCfg = Release|x64
		{4817A057-6F0A-4508-9858-DDC967DA6E31}.Release|x64.Build.0 = Release|x64
		{4817A057-6F0A-4508-9858-DDC967DA6E31}.Release|x86.ActiveCfg = Release|Win32
		{4817A057-6F0A-4508-9858-DDC967DA6E31}.Release|x86.Build.0 = Release|Win32
		{BA839A5C-B8C4-4696-A253-7226BA3299BA}.Debug|x64.ActiveCfg = Debug|x64
		{BA839A5C-B8C4-4696-A253-7226BA3299BA}.Debug|x64.Build.0 = Debug|x64
		{BA839A5C-B8C4-4696-A253-7226BA3299BA}.Debug|x86.ActiveCfg = Debug|Win32
		{BA839A5C-B8C4-4696-A253-7226BA3299BA}.Debug|x86.Build.0 = Debug|Win32
		{BA839A5C-B8C4-4696-A253-7226BA3299BA}.Release|x64.ActiveCfg = Release|x64
		{BA839A5C-B8C4-4696-A253-7226BA3299BA}.Release|x64.Build.0 = Release|x64
		{BA839A5C-B8C4-4696-A253-7226BA3299BA}.Release|x86.ActiveCfg = Release|Win32
		{BA839A5C-B8C4-4696-A253-7226BA3299BA}.Release|x86.Build.0 = Release|Win32
		{8579370E-95DD-46C1-8C00-66F41D2CB1BD}.Debug|x64.ActiveCfg = Debug|x64
		{8579370E-95DD-46C1-8C00-66F41D2CB1BD}.Debug|x64.Build.0 = Debug|x64
		{8579370E-95DD-46C1-8C00-66F41D2CB1BD}.Debug|x86.ActiveCfg = Debug|Win32
		{8579370E-95DD-46C1-8C00-66F41D2CB1BD}.Debug|x86.Build.0 = Debug|Win32
		{8579370E-95DD-46C1-8C00-66F41D2CB1BD}.Release|x64.ActiveCfg = Release|x64
		{8579370E-95DD-46C1-8C00-66F41D2CB1BD}.Release|x64.Build.0 = Release|x64
		{8579370E-95DD-46C1-8C00-66F41D2CB1BD}.Release|x86.ActiveCfg = Release|Win32
		{8579370E-95DD-46C1-8C00-66F41D2CB1BD}.Release|x86.Build.0 = Release|Win32
		{2C2A2725-BB03-44E5-B2F3-022101B3D452}.Debug|x64.ActiveCfg = Debug|x64
		{2C2A2725-BB03-44E5-B2F3-022101B3D452}.Debug|x64.Build.0 = Debug|x64
		{2C2A2725-BB03-44E5-B2F3-022101B3D452}.Debug|x86.ActiveCfg = Debug|Win32
		{2C2A2725-BB03-44E5-B2F3-022101B3D452}.Debug|x86.Build.0 = Debug|Win32
		{2C2A2725-BB03-44E5-B2F3-022101B3D452}.Release|x64.ActiveCfg = Release|x64
		{2C2A2725-BB03-44E5-B2F3-022101B3D452}.Release|x64.Build.0 = Release|x64
		{2C2A2725-BB03-44E5-B2F3-022101B3D452}.Release|x86.ActiveCfg = Release|Win32
		{2C2A2725-BB03-44E5-B2F3-022101B3D452}.Release|x86.Build.0 = Release|Win32
		{67F23377-44AC-4740-BA5D-A37DDB4E5E25}.Debug|x64.ActiveCfg = Debug|x64
		{67F23377-44AC-4740-BA5D-A37DDB4E5E25}.Debug|x64.Build.0 = Debug|x64
		{67F23377-44AC-4740-BA5D-A37DDB4E5E25}.Debug|x86.ActiveCfg = Debug|Win32
		{67F23377-44AC-4740-BA5D-A37DDB4E5E25}.Debug|x86.Build.0 = Debug|Win32
		{67F23377-44AC-4740-BA5D-A37DDB4E5E25}.Release|x64.ActiveCfg = Release|x64
		{67F23377-44AC-4740-BA5D-A37DDB4E5E25}.Release|x64.Build.0 = Release|x64
		{67F23377-44AC-4740-BA5D-A37DDB4E5E25}.Release|x86.ActiveCfg = Release|Win32
		{67F23377-44AC-4740-BA5D-A37DDB4E5E25}.Release|x86.Build.0 = Release|Win32
		{614EF744-90B7-4665-9BAF-D4A34D306C71}.Debug|x64.ActiveCfg = Debug|x64
		{614EF744-90B7-4665-9BAF-D4A34D306C71}.Debug|x64.Build.0 = Debug|x64
		{614EF744-90B7-4665-9BAF-D4A34D306C71}.Debug|x86.ActiveCfg = Debug|Win32
		{614EF744-90B7-4665-9BAF-D4A34D306C71}.Debug|x86.Build.0 = Debug|Win32
		{614EF744-90B7-4665-9BAF-D4A34D306C71}.Release|x64.ActiveCfg = Release|x64
		{614EF744-90B7-4665-9BAF-D4A34D306C71}.Release|x64.Build.0 = Release|x64
		{614EF744-90B7-4665-9BAF-D4A34D306C71}.Release|x86.ActiveCfg = Release|Win32
		{614EF744-90B7-4665-9BAF-D4A34D306C71}.Release|x86.Build.0 = Release|Win32
		{0F0B33FE-1437-4B34-AA2C-EAF5C945640C}.Debug|x64.ActiveCfg = Debug|x64
		{0F0B33FE-1437-4B34-AA2C-EAF5C945640C}.Debug|x64.Build.0 = Debug|x64
		{0F0B33FE-1437-4B34-AA2C-EAF5C945640C}.Debug|x86.ActiveCfg = Debug|Win32
		{0F0B33FE-1437-4B34-AA2C-EAF5C945640C}.Debug|x86.Build.0 = Debug|Win32
		{0F0B33FE-1437-4B34-AA2C-EAF5C945640C}.Release|x64.ActiveCfg = Release|x64
		{0F0B33FE-1437-4B34-AA2C-EAF5C945640C}.Release|x64.Build.0 = Release|x64
		{0F0B33FE-1437-4B34-AA2C-EAF5C945640C}.Release|x86.ActiveCfg = Release|Win32
		{0F0B33FE-1437-4B34-AA2C-EAF5C945640C}.Release|x86.Build.0 = Release|Win32
		{89465E99-35AA-4F99-A25D-18ED4516CEE7}.Debug|x64.ActiveCfg = Debug|x64
		{89465E99-35AA-4F99-A25D-18ED4516CEE7}.Debug|x64.Build.0 = Debug|x64
		{89465E99-35AA-4F99-A25D-18ED4516CEE7}.Debug|x86.ActiveCfg = Debug|Win32
		{89465E99-35AA-4F99-A25D-18ED4516CEE7}.Debug|x86.Build.0 = Debug|Win32
		{89465E99-35AA-4F99-A25D-18ED4516CEE7}.Release|x64.ActiveCfg = Release|x64
		{89465E99-35AA-4F99-A25D-18ED4516CEE7}.Release|x64.Build.0 = Release|x64
		{89465E99-35AA-4F99-A25D-18ED4516CEE7}.Release|x86.ActiveCfg = Release|Win32
		{89465E99-35AA-4F99-A25D-18ED4516CEE7}.Release|x86.Build.0 = Release|Win32
		{DF5F8058-F5F1-45FA-A0AB-C5DAF8765D32}.Debug|x64.ActiveCfg = Debug|x64
		{DF5F8058-F5F1-45FA-A0AB-C5DAF8765D32}.Debug|x64.Build.0 = Debug|x64
		{DF5F8058-F5F1-45FA-A0AB-C5DAF8765D32}.Debug|x86.ActiveCfg = Debug|Win32
		{DF5F8058-F5F1-45FA-A0AB-C5DAF8765D32}.Debug|x86.Build.0 = Debug|Win32
		{DF5F8058-F5F1-45FA-A0AB-C5DAF8765D32}.Release|x64.ActiveCfg = Release|x64
		{DF5F8058-F5F1-45FA-A0AB-C5DAF8765D32}.Release|x64.Build.0 = Release|x64
		{DF5F8058-F5F1-45FA-A0AB-C5DAF8765D32}.Release|x86.ActiveCfg = Release|Win32
		{DF5F8058-F5F1-45FA-A0AB-C5DAF8765D32}.Release|x86.Build.0 = Release|Win32
	EndGlobalSection
	GlobalSection(SolutionProperties) = preSolution
		HideSolutionNode = FALSE
	EndGlobalSection
EndGlobal
