
Microsoft Visual Studio Solution File, Format Version 12.00
# Visual Studio 15
VisualStudioVersion = 15.0.26228.10
MinimumVisualStudioVersion = 10.0.40219.1
Project("{8BC9CEB8-8B4A-11D0-8D11-00A0C91BC942}") = "Date", "Date\Date.vcxproj", "{923D0394-53D5-48ED-AA0A-9210D1DF01C3}"
EndProject
Project("{8BC9CEB8-8B4A-11D0-8D11-00A0C91BC942}") = "Histogram", "Histogram\Histogram.vcxproj", "{7E65553D-CAFF-4BAE-82C3-D1262C5BF4BA}"
EndProject
Project("{8BC9CEB8-8B4A-11D0-8D11-00A0C91BC942}") = "Box", "Box\Box.vcxproj", "{789C578D-A7C0-412F-B088-A6C002624426}"
EndProject
Project("{8BC9CEB8-8B4A-11D0-8D11-00A0C91BC942}") = "Random", "Random\Random.vcxproj", "{EA270180-2D01-45FE-9F49-90D837BF3927}"
EndProject
Project("{8BC9CEB8-8B4A-11D0-8D11-00A0C91BC942}") = "Gambling", "Gambling\Gambling.vcxproj", "{6803A9F3-483F-4AB6-9B82-DFD0DC9D2F37}"
EndProject
Project("{8BC9CEB8-8B4A-11D0-8D11-00A0C91BC942}") = "StringRotate", "StringRotate\StringRotate.vcxproj", "{8BD85D0C-3D45-4B12-8DC6-89F66D890C66}"
EndProject
Global
	GlobalSection(SolutionConfigurationPlatforms) = preSolution
		Debug|x64 = Debug|x64
		Debug|x86 = Debug|x86
		Release|x64 = Release|x64
		Release|x86 = Release|x86
	EndGlobalSection
	GlobalSection(ProjectConfigurationPlatforms) = postSolution
		{923D0394-53D5-48ED-AA0A-9210D1DF01C3}.Debug|x64.ActiveCfg = Debug|x64
		{923D0394-53D5-48ED-AA0A-9210D1DF01C3}.Debug|x64.Build.0 = Debug|x64
		{923D0394-53D5-48ED-AA0A-9210D1DF01C3}.Debug|x86.ActiveCfg = Debug|Win32
		{923D0394-53D5-48ED-AA0A-9210D1DF01C3}.Debug|x86.Build.0 = Debug|Win32
		{923D0394-53D5-48ED-AA0A-9210D1DF01C3}.Release|x64.ActiveCfg = Release|x64
		{923D0394-53D5-48ED-AA0A-9210D1DF01C3}.Release|x64.Build.0 = Release|x64
		{923D0394-53D5-48ED-AA0A-9210D1DF01C3}.Release|x86.ActiveCfg = Release|Win32
		{923D0394-53D5-48ED-AA0A-9210D1DF01C3}.Release|x86.Build.0 = Release|Win32
		{7E65553D-CAFF-4BAE-82C3-D1262C5BF4BA}.Debug|x64.ActiveCfg = Debug|x64
		{7E65553D-CAFF-4BAE-82C3-D1262C5BF4BA}.Debug|x64.Build.0 = Debug|x64
		{7E65553D-CAFF-4BAE-82C3-D1262C5BF4BA}.Debug|x86.ActiveCfg = Debug|Win32
		{7E65553D-CAFF-4BAE-82C3-D1262C5BF4BA}.Debug|x86.Build.0 = Debug|Win32
		{7E65553D-CAFF-4BAE-82C3-D1262C5BF4BA}.Release|x64.ActiveCfg = Release|x64
		{7E65553D-CAFF-4BAE-82C3-D1262C5BF4BA}.Release|x64.Build.0 = Release|x64
		{7E65553D-CAFF-4BAE-82C3-D1262C5BF4BA}.Release|x86.ActiveCfg = Release|Win32
		{7E65553D-CAFF-4BAE-82C3-D1262C5BF4BA}.Release|x86.Build.0 = Release|Win32
		{789C578D-A7C0-412F-B088-A6C002624426}.Debug|x64.ActiveCfg = Debug|x64
		{789C578D-A7C0-412F-B088-A6C002624426}.Debug|x64.Build.0 = Debug|x64
		{789C578D-A7C0-412F-B088-A6C002624426}.Debug|x86.ActiveCfg = Debug|Win32
		{789C578D-A7C0-412F-B088-A6C002624426}.Debug|x86.Build.0 = Debug|Win32
		{789C578D-A7C0-412F-B088-A6C002624426}.Release|x64.ActiveCfg = Release|x64
		{789C578D-A7C0-412F-B088-A6C002624426}.Release|x64.Build.0 = Release|x64
		{789C578D-A7C0-412F-B088-A6C002624426}.Release|x86.ActiveCfg = Release|Win32
		{789C578D-A7C0-412F-B088-A6C002624426}.Release|x86.Build.0 = Release|Win32
		{EA270180-2D01-45FE-9F49-90D837BF3927}.Debug|x64.ActiveCfg = Debug|x64
		{EA270180-2D01-45FE-9F49-90D837BF3927}.Debug|x64.Build.0 = Debug|x64
		{EA270180-2D01-45FE-9F49-90D837BF3927}.Debug|x86.ActiveCfg = Debug|Win32
		{EA270180-2D01-45FE-9F49-90D837BF3927}.Debug|x86.Build.0 = Debug|Win32
		{EA270180-2D01-45FE-9F49-90D837BF3927}.Release|x64.ActiveCfg = Release|x64
		{EA270180-2D01-45FE-9F49-90D837BF3927}.Release|x64.Build.0 = Release|x64
		{EA270180-2D01-45FE-9F49-90D837BF3927}.Release|x86.ActiveCfg = Release|Win32
		{EA270180-2D01-45FE-9F49-90D837BF3927}.Release|x86.Build.0 = Release|Win32
		{6803A9F3-483F-4AB6-9B82-DFD0DC9D2F37}.Debug|x64.ActiveCfg = Debug|x64
		{6803A9F3-483F-4AB6-9B82-DFD0DC9D2F37}.Debug|x64.Build.0 = Debug|x64
		{6803A9F3-483F-4AB6-9B82-DFD0DC9D2F37}.Debug|x86.ActiveCfg = Debug|Win32
		{6803A9F3-483F-4AB6-9B82-DFD0DC9D2F37}.Debug|x86.Build.0 = Debug|Win32
		{6803A9F3-483F-4AB6-9B82-DFD0DC9D2F37}.Release|x64.ActiveCfg = Release|x64
		{6803A9F3-483F-4AB6-9B82-DFD0DC9D2F37}.Release|x64.Build.0 = Release|x64
		{6803A9F3-483F-4AB6-9B82-DFD0DC9D2F37}.Release|x86.ActiveCfg = Release|Win32
		{6803A9F3-483F-4AB6-9B82-DFD0DC9D2F37}.Release|x86.Build.0 = Release|Win32
		{8BD85D0C-3D45-4B12-8DC6-89F66D890C66}.Debug|x64.ActiveCfg = Debug|x64
		{8BD85D0C-3D45-4B12-8DC6-89F66D890C66}.Debug|x64.Build.0 = Debug|x64
		{8BD85D0C-3D45-4B12-8DC6-89F66D890C66}.Debug|x86.ActiveCfg = Debug|Win32
		{8BD85D0C-3D45-4B12-8DC6-89F66D890C66}.Debug|x86.Build.0 = Debug|Win32
		{8BD85D0C-3D45-4B12-8DC6-89F66D890C66}.Release|x64.ActiveCfg = Release|x64
		{8BD85D0C-3D45-4B12-8DC6-89F66D890C66}.Release|x64.Build.0 = Release|x64
		{8BD85D0C-3D45-4B12-8DC6-89F66D890C66}.Release|x86.ActiveCfg = Release|Win32
		{8BD85D0C-3D45-4B12-8DC6-89F66D890C66}.Release|x86.Build.0 = Release|Win32
	EndGlobalSection
	GlobalSection(SolutionProperties) = preSolution
		HideSolutionNode = FALSE
	EndGlobalSection
EndGlobal
